// !$*UTF8*$!
{
	archiveVersion = 1;
	classes = {
	};
	objectVersion = 46;
	objects = {

/* Begin PBXBuildFile section */
		B70864F81D174742003C4457 /* LottoTableViewController.swift in Sources */ = {isa = PBXBuildFile; fileRef = B70864F71D174742003C4457 /* LottoTableViewController.swift */; };
		B70C65E31D178BBF00D726DD /* Model.xcdatamodeld in Sources */ = {isa = PBXBuildFile; fileRef = B70C65E11D178BBF00D726DD /* Model.xcdatamodeld */; };
		B70C65EA1D1797F900D726DD /* Lotto+CoreDataProperties.swift in Sources */ = {isa = PBXBuildFile; fileRef = B70C65E81D1797F900D726DD /* Lotto+CoreDataProperties.swift */; };
		B70C65EB1D1797F900D726DD /* Lotto.swift in Sources */ = {isa = PBXBuildFile; fileRef = B70C65E91D1797F900D726DD /* Lotto.swift */; };
		B70FD2FF1D16728100E88334 /* LottoOps.swift in Sources */ = {isa = PBXBuildFile; fileRef = B70FD2FE1D16728100E88334 /* LottoOps.swift */; };
		B737B7771D14EF5E00162800 /* AppDelegate.swift in Sources */ = {isa = PBXBuildFile; fileRef = B737B7761D14EF5E00162800 /* AppDelegate.swift */; };
		B737B7841D14EF5E00162800 /* LaunchScreen.storyboard in Resources */ = {isa = PBXBuildFile; fileRef = B737B7821D14EF5E00162800 /* LaunchScreen.storyboard */; };
		B737B78F1D14EF5E00162800 /* bo_le_tlandyTests.swift in Sources */ = {isa = PBXBuildFile; fileRef = B737B78E1D14EF5E00162800 /* bo_le_tlandyTests.swift */; };
		B737B79A1D14EF5E00162800 /* bo_le_tlandyUITests.swift in Sources */ = {isa = PBXBuildFile; fileRef = B737B7991D14EF5E00162800 /* bo_le_tlandyUITests.swift */; };
		B737B7A91D14EF7900162800 /* ServerRequest.m in Sources */ = {isa = PBXBuildFile; fileRef = B737B7A81D14EF7900162800 /* ServerRequest.m */; };
		B737B7AF1D14EFA100162800 /* LoggedUserController.swift in Sources */ = {isa = PBXBuildFile; fileRef = B737B7AB1D14EFA100162800 /* LoggedUserController.swift */; };
		B737B7B01D14EFA100162800 /* GenerateLottoViewController.swift in Sources */ = {isa = PBXBuildFile; fileRef = B737B7AC1D14EFA100162800 /* GenerateLottoViewController.swift */; };
		B737B7B11D14EFA100162800 /* TestLuckViewController.swift in Sources */ = {isa = PBXBuildFile; fileRef = B737B7AD1D14EFA100162800 /* TestLuckViewController.swift */; };
		B737B7B61D14EFB100162800 /* ViewController.swift in Sources */ = {isa = PBXBuildFile; fileRef = B737B7B31D14EFB100162800 /* ViewController.swift */; };
		B737B7B71D14EFB100162800 /* Main.storyboard in Resources */ = {isa = PBXBuildFile; fileRef = B737B7B41D14EFB100162800 /* Main.storyboard */; };
		B737B7B81D14EFB100162800 /* Assets.xcassets in Resources */ = {isa = PBXBuildFile; fileRef = B737B7B51D14EFB100162800 /* Assets.xcassets */; };
/* End PBXBuildFile section */

/* Begin PBXContainerItemProxy section */
		B737B78B1D14EF5E00162800 /* PBXContainerItemProxy */ = {
			isa = PBXContainerItemProxy;
			containerPortal = B737B76B1D14EF5E00162800 /* Project object */;
			proxyType = 1;
			remoteGlobalIDString = B737B7721D14EF5E00162800;
			remoteInfo = "bòlètlandy";
		};
		B737B7961D14EF5E00162800 /* PBXContainerItemProxy */ = {
			isa = PBXContainerItemProxy;
			containerPortal = B737B76B1D14EF5E00162800 /* Project object */;
			proxyType = 1;
			remoteGlobalIDString = B737B7721D14EF5E00162800;
			remoteInfo = "bòlètlandy";
		};
/* End PBXContainerItemProxy section */

/* Begin PBXFileReference section */
		B70864F71D174742003C4457 /* LottoTableViewController.swift */ = {isa = PBXFileReference; fileEncoding = 4; lastKnownFileType = sourcecode.swift; path = LottoTableViewController.swift; sourceTree = "<group>"; };
		B70C65E21D178BBF00D726DD /* Model.xcdatamodel */ = {isa = PBXFileReference; lastKnownFileType = wrapper.xcdatamodel; path = Model.xcdatamodel; sourceTree = "<group>"; };
		B70C65E81D1797F900D726DD /* Lotto+CoreDataProperties.swift */ = {isa = PBXFileReference; fileEncoding = 4; lastKnownFileType = sourcecode.swift; path = "Lotto+CoreDataProperties.swift"; sourceTree = "<group>"; };
		B70C65E91D1797F900D726DD /* Lotto.swift */ = {isa = PBXFileReference; fileEncoding = 4; lastKnownFileType = sourcecode.swift; path = Lotto.swift; sourceTree = "<group>"; };
		B70FD2FE1D16728100E88334 /* LottoOps.swift */ = {isa = PBXFileReference; fileEncoding = 4; lastKnownFileType = sourcecode.swift; path = LottoOps.swift; sourceTree = "<group>"; };
		B737B7731D14EF5E00162800 /* bòlètlandy.app */ = {isa = PBXFileReference; explicitFileType = wrapper.application; includeInIndex = 0; path = "bòlètlandy.app"; sourceTree = BUILT_PRODUCTS_DIR; };
		B737B7761D14EF5E00162800 /* AppDelegate.swift */ = {isa = PBXFileReference; lastKnownFileType = sourcecode.swift; path = AppDelegate.swift; sourceTree = "<group>"; };
		B737B7831D14EF5E00162800 /* Base */ = {isa = PBXFileReference; lastKnownFileType = file.storyboard; name = Base; path = Base.lproj/LaunchScreen.storyboard; sourceTree = "<group>"; };
		B737B7851D14EF5E00162800 /* Info.plist */ = {isa = PBXFileReference; lastKnownFileType = text.plist.xml; path = Info.plist; sourceTree = "<group>"; };
		B737B78A1D14EF5E00162800 /* bòlètlandyTests.xctest */ = {isa = PBXFileReference; explicitFileType = wrapper.cfbundle; includeInIndex = 0; path = "bòlètlandyTests.xctest"; sourceTree = BUILT_PRODUCTS_DIR; };
		B737B78E1D14EF5E00162800 /* bo_le_tlandyTests.swift */ = {isa = PBXFileReference; lastKnownFileType = sourcecode.swift; path = bo_le_tlandyTests.swift; sourceTree = "<group>"; };
		B737B7901D14EF5E00162800 /* Info.plist */ = {isa = PBXFileReference; lastKnownFileType = text.plist.xml; path = Info.plist; sourceTree = "<group>"; };
		B737B7951D14EF5E00162800 /* bòlètlandyUITests.xctest */ = {isa = PBXFileReference; explicitFileType = wrapper.cfbundle; includeInIndex = 0; path = "bòlètlandyUITests.xctest"; sourceTree = BUILT_PRODUCTS_DIR; };
		B737B7991D14EF5E00162800 /* bo_le_tlandyUITests.swift */ = {isa = PBXFileReference; lastKnownFileType = sourcecode.swift; path = bo_le_tlandyUITests.swift; sourceTree = "<group>"; };
		B737B79B1D14EF5E00162800 /* Info.plist */ = {isa = PBXFileReference; lastKnownFileType = text.plist.xml; path = Info.plist; sourceTree = "<group>"; };
		B737B7A71D14EF7900162800 /* bòlètlandy-Bridging-Header.h */ = {isa = PBXFileReference; lastKnownFileType = sourcecode.c.h; path = "bòlètlandy-Bridging-Header.h"; sourceTree = "<group>"; };
		B737B7A81D14EF7900162800 /* ServerRequest.m */ = {isa = PBXFileReference; fileEncoding = 4; lastKnownFileType = sourcecode.c.objc; path = ServerRequest.m; sourceTree = "<group>"; };
		B737B7AA1D14EF9300162800 /* ServerRequest.h */ = {isa = PBXFileReference; lastKnownFileType = sourcecode.c.h; path = ServerRequest.h; sourceTree = "<group>"; };
		B737B7AB1D14EFA100162800 /* LoggedUserController.swift */ = {isa = PBXFileReference; fileEncoding = 4; lastKnownFileType = sourcecode.swift; path = LoggedUserController.swift; sourceTree = "<group>"; };
		B737B7AC1D14EFA100162800 /* GenerateLottoViewController.swift */ = {isa = PBXFileReference; fileEncoding = 4; lastKnownFileType = sourcecode.swift; path = GenerateLottoViewController.swift; sourceTree = "<group>"; };
		B737B7AD1D14EFA100162800 /* TestLuckViewController.swift */ = {isa = PBXFileReference; fileEncoding = 4; lastKnownFileType = sourcecode.swift; path = TestLuckViewController.swift; sourceTree = "<group>"; };
		B737B7B31D14EFB100162800 /* ViewController.swift */ = {isa = PBXFileReference; fileEncoding = 4; lastKnownFileType = sourcecode.swift; path = ViewController.swift; sourceTree = "<group>"; };
		B737B7B41D14EFB100162800 /* Main.storyboard */ = {isa = PBXFileReference; fileEncoding = 4; lastKnownFileType = file.storyboard; path = Main.storyboard; sourceTree = "<group>"; };
		B737B7B51D14EFB100162800 /* Assets.xcassets */ = {isa = PBXFileReference; lastKnownFileType = folder.assetcatalog; path = Assets.xcassets; sourceTree = "<group>"; };
/* End PBXFileReference section */

/* Begin PBXFrameworksBuildPhase section */
		B737B7701D14EF5E00162800 /* Frameworks */ = {
			isa = PBXFrameworksBuildPhase;
			buildActionMask = 2147483647;
			files = (
			);
			runOnlyForDeploymentPostprocessing = 0;
		};
		B737B7871D14EF5E00162800 /* Frameworks */ = {
			isa = PBXFrameworksBuildPhase;
			buildActionMask = 2147483647;
			files = (
			);
			runOnlyForDeploymentPostprocessing = 0;
		};
		B737B7921D14EF5E00162800 /* Frameworks */ = {
			isa = PBXFrameworksBuildPhase;
			buildActionMask = 2147483647;
			files = (
			);
			runOnlyForDeploymentPostprocessing = 0;
		};
/* End PBXFrameworksBuildPhase section */

/* Begin PBXGroup section */
		B737B76A1D14EF5E00162800 = {
			isa = PBXGroup;
			children = (
				B70C65E81D1797F900D726DD /* Lotto+CoreDataProperties.swift */,
				B70C65E91D1797F900D726DD /* Lotto.swift */,
				B70C65E11D178BBF00D726DD /* Model.xcdatamodeld */,
				B737B7751D14EF5E00162800 /* bòlètlandy */,
				B737B78D1D14EF5E00162800 /* bòlètlandyTests */,
				B737B7981D14EF5E00162800 /* bòlètlandyUITests */,
				B737B7741D14EF5E00162800 /* Products */,
			);
			sourceTree = "<group>";
		};
		B737B7741D14EF5E00162800 /* Products */ = {
			isa = PBXGroup;
			children = (
				B737B7731D14EF5E00162800 /* bòlètlandy.app */,
				B737B78A1D14EF5E00162800 /* bòlètlandyTests.xctest */,
				B737B7951D14EF5E00162800 /* bòlètlandyUITests.xctest */,
			);
			name = Products;
			sourceTree = "<group>";
		};
		B737B7751D14EF5E00162800 /* bòlètlandy */ = {
			isa = PBXGroup;
			children = (
				B737B7761D14EF5E00162800 /* AppDelegate.swift */,
				B737B7B31D14EFB100162800 /* ViewController.swift */,
				B737B7B41D14EFB100162800 /* Main.storyboard */,
				B737B7B51D14EFB100162800 /* Assets.xcassets */,
				B737B7821D14EF5E00162800 /* LaunchScreen.storyboard */,
				B737B7A81D14EF7900162800 /* ServerRequest.m */,
				B737B7851D14EF5E00162800 /* Info.plist */,
				B737B7AA1D14EF9300162800 /* ServerRequest.h */,
				B737B7A71D14EF7900162800 /* bòlètlandy-Bridging-Header.h */,
				B737B7AB1D14EFA100162800 /* LoggedUserController.swift */,
				B737B7AC1D14EFA100162800 /* GenerateLottoViewController.swift */,
				B737B7AD1D14EFA100162800 /* TestLuckViewController.swift */,
				B70FD2FE1D16728100E88334 /* LottoOps.swift */,
				B70864F71D174742003C4457 /* LottoTableViewController.swift */,
			);
			path = "bòlètlandy";
			sourceTree = "<group>";
		};
		B737B78D1D14EF5E00162800 /* bòlètlandyTests */ = {
			isa = PBXGroup;
			children = (
				B737B78E1D14EF5E00162800 /* bo_le_tlandyTests.swift */,
				B737B7901D14EF5E00162800 /* Info.plist */,
			);
			path = "bòlètlandyTests";
			sourceTree = "<group>";
		};
		B737B7981D14EF5E00162800 /* bòlètlandyUITests */ = {
			isa = PBXGroup;
			children = (
				B737B7991D14EF5E00162800 /* bo_le_tlandyUITests.swift */,
				B737B79B1D14EF5E00162800 /* Info.plist */,
			);
			path = "bòlètlandyUITests";
			sourceTree = "<group>";
		};
/* End PBXGroup section */

/* Begin PBXNativeTarget section */
		B737B7721D14EF5E00162800 /* bòlètlandy */ = {
			isa = PBXNativeTarget;
			buildConfigurationList = B737B79E1D14EF5E00162800 /* Build configuration list for PBXNativeTarget "bòlètlandy" */;
			buildPhases = (
				B737B76F1D14EF5E00162800 /* Sources */,
				B737B7701D14EF5E00162800 /* Frameworks */,
				B737B7711D14EF5E00162800 /* Resources */,
			);
			buildRules = (
			);
			dependencies = (
			);
			name = "bòlètlandy";
			productName = "bòlètlandy";
			productReference = B737B7731D14EF5E00162800 /* bòlètlandy.app */;
			productType = "com.apple.product-type.application";
		};
		B737B7891D14EF5E00162800 /* bòlètlandyTests */ = {
			isa = PBXNativeTarget;
			buildConfigurationList = B737B7A11D14EF5E00162800 /* Build configuration list for PBXNativeTarget "bòlètlandyTests" */;
			buildPhases = (
				B737B7861D14EF5E00162800 /* Sources */,
				B737B7871D14EF5E00162800 /* Frameworks */,
				B737B7881D14EF5E00162800 /* Resources */,
			);
			buildRules = (
			);
			dependencies = (
				B737B78C1D14EF5E00162800 /* PBXTargetDependency */,
			);
			name = "bòlètlandyTests";
			productName = "bòlètlandyTests";
			productReference = B737B78A1D14EF5E00162800 /* bòlètlandyTests.xctest */;
			productType = "com.apple.product-type.bundle.unit-test";
		};
		B737B7941D14EF5E00162800 /* bòlètlandyUITests */ = {
			isa = PBXNativeTarget;
			buildConfigurationList = B737B7A41D14EF5E00162800 /* Build configuration list for PBXNativeTarget "bòlètlandyUITests" */;
			buildPhases = (
				B737B7911D14EF5E00162800 /* Sources */,
				B737B7921D14EF5E00162800 /* Frameworks */,
				B737B7931D14EF5E00162800 /* Resources */,
			);
			buildRules = (
			);
			dependencies = (
				B737B7971D14EF5E00162800 /* PBXTargetDependency */,
			);
			name = "bòlètlandyUITests";
			productName = "bòlètlandyUITests";
			productReference = B737B7951D14EF5E00162800 /* bòlètlandyUITests.xctest */;
			productType = "com.apple.product-type.bundle.ui-testing";
		};
/* End PBXNativeTarget section */

/* Begin PBXProject section */
		B737B76B1D14EF5E00162800 /* Project object */ = {
			isa = PBXProject;
			attributes = {
				LastSwiftUpdateCheck = 0730;
				LastUpgradeCheck = 0730;
				ORGANIZATIONNAME = "nikenson midi";
				TargetAttributes = {
					B737B7721D14EF5E00162800 = {
						CreatedOnToolsVersion = 7.3.1;
					};
					B737B7891D14EF5E00162800 = {
						CreatedOnToolsVersion = 7.3.1;
						TestTargetID = B737B7721D14EF5E00162800;
					};
					B737B7941D14EF5E00162800 = {
						CreatedOnToolsVersion = 7.3.1;
						TestTargetID = B737B7721D14EF5E00162800;
					};
				};
			};
			buildConfigurationList = B737B76E1D14EF5E00162800 /* Build configuration list for PBXProject "bòlètlandy" */;
			compatibilityVersion = "Xcode 3.2";
			developmentRegion = English;
			hasScannedForEncodings = 0;
			knownRegions = (
				en,
				Base,
			);
			mainGroup = B737B76A1D14EF5E00162800;
			productRefGroup = B737B7741D14EF5E00162800 /* Products */;
			projectDirPath = "";
			projectRoot = "";
			targets = (
				B737B7721D14EF5E00162800 /* bòlètlandy */,
				B737B7891D14EF5E00162800 /* bòlètlandyTests */,
				B737B7941D14EF5E00162800 /* bòlètlandyUITests */,
			);
		};
/* End PBXProject section */

/* Begin PBXResourcesBuildPhase section */
		B737B7711D14EF5E00162800 /* Resources */ = {
			isa = PBXResourcesBuildPhase;
			buildActionMask = 2147483647;
			files = (
				B737B7841D14EF5E00162800 /* LaunchScreen.storyboard in Resources */,
				B737B7B81D14EFB100162800 /* Assets.xcassets in Resources */,
				B737B7B71D14EFB100162800 /* Main.storyboard in Resources */,
			);
			runOnlyForDeploymentPostprocessing = 0;
		};
		B737B7881D14EF5E00162800 /* Resources */ = {
			isa = PBXResourcesBuildPhase;
			buildActionMask = 2147483647;
			files = (
			);
			runOnlyForDeploymentPostprocessing = 0;
		};
		B737B7931D14EF5E00162800 /* Resources */ = {
			isa = PBXResourcesBuildPhase;
			buildActionMask = 2147483647;
			files = (
			);
			runOnlyForDeploymentPostprocessing = 0;
		};
/* End PBXResourcesBuildPhase section */

/* Begin PBXSourcesBuildPhase section */
		B737B76F1D14EF5E00162800 /* Sources */ = {
			isa = PBXSourcesBuildPhase;
			buildActionMask = 2147483647;
			files = (
				B70FD2FF1D16728100E88334 /* LottoOps.swift in Sources */,
				B737B7B11D14EFA100162800 /* TestLuckViewController.swift in Sources */,
				B737B7A91D14EF7900162800 /* ServerRequest.m in Sources */,
				B737B7B01D14EFA100162800 /* GenerateLottoViewController.swift in Sources */,
				B70C65EA1D1797F900D726DD /* Lotto+CoreDataProperties.swift in Sources */,
				B737B7AF1D14EFA100162800 /* LoggedUserController.swift in Sources */,
				B737B7B61D14EFB100162800 /* ViewController.swift in Sources */,
				B70C65EB1D1797F900D726DD /* Lotto.swift in Sources */,
				B70864F81D174742003C4457 /* LottoTableViewController.swift in Sources */,
				B70C65E31D178BBF00D726DD /* Model.xcdatamodeld in Sources */,
				B737B7771D14EF5E00162800 /* AppDelegate.swift in Sources */,
			);
			runOnlyForDeploymentPostprocessing = 0;
		};
		B737B7861D14EF5E00162800 /* Sources */ = {
			isa = PBXSourcesBuildPhase;
			buildActionMask = 2147483647;
			files = (
				B737B78F1D14EF5E00162800 /* bo_le_tlandyTests.swift in Sources */,
			);
			runOnlyForDeploymentPostprocessing = 0;
		};
		B737B7911D14EF5E00162800 /* Sources */ = {
			isa = PBXSourcesBuildPhase;
			buildActionMask = 2147483647;
			files = (
				B737B79A1D14EF5E00162800 /* bo_le_tlandyUITests.swift in Sources */,
			);
			runOnlyForDeploymentPostprocessing = 0;
		};
/* End PBXSourcesBuildPhase section */

/* Begin PBXTargetDependency section */
		B737B78C1D14EF5E00162800 /* PBXTargetDependency */ = {
			isa = PBXTargetDependency;
			target = B737B7721D14EF5E00162800 /* bòlètlandy */;
			targetProxy = B737B78B1D14EF5E00162800 /* PBXContainerItemProxy */;
		};
		B737B7971D14EF5E00162800 /* PBXTargetDependency */ = {
			isa = PBXTargetDependency;
			target = B737B7721D14EF5E00162800 /* bòlètlandy */;
			targetProxy = B737B7961D14EF5E00162800 /* PBXContainerItemProxy */;
		};
/* End PBXTargetDependency section */

/* Begin PBXVariantGroup section */
		B737B7821D14EF5E00162800 /* LaunchScreen.storyboard */ = {
			isa = PBXVariantGroup;
			children = (
				B737B7831D14EF5E00162800 /* Base */,
			);
			name = LaunchScreen.storyboard;
			sourceTree = "<group>";
		};
/* End PBXVariantGroup section */

/* Begin XCBuildConfiguration section */
		B737B79C1D14EF5E00162800 /* Debug */ = {
			isa = XCBuildConfiguration;
			buildSettings = {
				ALWAYS_SEARCH_USER_PATHS = NO;
				CLANG_ANALYZER_NONNULL = YES;
				CLANG_CXX_LANGUAGE_STANDARD = "gnu++0x";
				CLANG_CXX_LIBRARY = "libc++";
				CLANG_ENABLE_MODULES = YES;
				CLANG_ENABLE_OBJC_ARC = YES;
				CLANG_WARN_BOOL_CONVERSION = YES;
				CLANG_WARN_CONSTANT_CONVERSION = YES;
				CLANG_WARN_DIRECT_OBJC_ISA_USAGE = YES_ERROR;
				CLANG_WARN_EMPTY_BODY = YES;
				CLANG_WARN_ENUM_CONVERSION = YES;
				CLANG_WARN_INT_CONVERSION = YES;
				CLANG_WARN_OBJC_ROOT_CLASS = YES_ERROR;
				CLANG_WARN_UNREACHABLE_CODE = YES;
				CLANG_WARN__DUPLICATE_METHOD_MATCH = YES;
				"CODE_SIGN_IDENTITY[sdk=iphoneos*]" = "iPhone Developer";
				COPY_PHASE_STRIP = NO;
				DEBUG_INFORMATION_FORMAT = dwarf;
				ENABLE_STRICT_OBJC_MSGSEND = YES;
				ENABLE_TESTABILITY = YES;
				GCC_C_LANGUAGE_STANDARD = gnu99;
				GCC_DYNAMIC_NO_PIC = NO;
				GCC_NO_COMMON_BLOCKS = YES;
				GCC_OPTIMIZATION_LEVEL = 0;
				GCC_PREPROCESSOR_DEFINITIONS = (
					"DEBUG=1",
					"$(inherited)",
				);
				GCC_WARN_64_TO_32_BIT_CONVERSION = YES;
				GCC_WARN_ABOUT_RETURN_TYPE = YES_ERROR;
				GCC_WARN_UNDECLARED_SELECTOR = YES;
				GCC_WARN_UNINITIALIZED_AUTOS = YES_AGGRESSIVE;
				GCC_WARN_UNUSED_FUNCTION = YES;
				GCC_WARN_UNUSED_VARIABLE = YES;
				IPHONEOS_DEPLOYMENT_TARGET = 9.3;
				MTL_ENABLE_DEBUG_INFO = YES;
				ONLY_ACTIVE_ARCH = YES;
				SDKROOT = iphoneos;
				SWIFT_OPTIMIZATION_LEVEL = "-Onone";
				TARGETED_DEVICE_FAMILY = "1,2";
			};
			name = Debug;
		};
		B737B79D1D14EF5E00162800 /* Release */ = {
			isa = XCBuildConfiguration;
			buildSettings = {
				ALWAYS_SEARCH_USER_PATHS = NO;
				CLANG_ANALYZER_NONNULL = YES;
				CLANG_CXX_LANGUAGE_STANDARD = "gnu++0x";
				CLANG_CXX_LIBRARY = "libc++";
				CLANG_ENABLE_MODULES = YES;
				CLANG_ENABLE_OBJC_ARC = YES;
				CLANG_WARN_BOOL_CONVERSION = YES;
				CLANG_WARN_CONSTANT_CONVERSION = YES;
				CLANG_WARN_DIRECT_OBJC_ISA_USAGE = YES_ERROR;
				CLANG_WARN_EMPTY_BODY = YES;
				CLANG_WARN_ENUM_CONVERSION = YES;
				CLANG_WARN_INT_CONVERSION = YES;
				CLANG_WARN_OBJC_ROOT_CLASS = YES_ERROR;
				CLANG_WARN_UNREACHABLE_CODE = YES;
				CLANG_WARN__DUPLICATE_METHOD_MATCH = YES;
				"CODE_SIGN_IDENTITY[sdk=iphoneos*]" = "iPhone Developer";
				COPY_PHASE_STRIP = NO;
				DEBUG_INFORMATION_FORMAT = "dwarf-with-dsym";
				ENABLE_NS_ASSERTIONS = NO;
				ENABLE_STRICT_OBJC_MSGSEND = YES;
				GCC_C_LANGUAGE_STANDARD = gnu99;
				GCC_NO_COMMON_BLOCKS = YES;
				GCC_WARN_64_TO_32_BIT_CONVERSION = YES;
				GCC_WARN_ABOUT_RETURN_TYPE = YES_ERROR;
				GCC_WARN_UNDECLARED_SELECTOR = YES;
				GCC_WARN_UNINITIALIZED_AUTOS = YES_AGGRESSIVE;
				GCC_WARN_UNUSED_FUNCTION = YES;
				GCC_WARN_UNUSED_VARIABLE = YES;
				IPHONEOS_DEPLOYMENT_TARGET = 9.3;
				MTL_ENABLE_DEBUG_INFO = NO;
				SDKROOT = iphoneos;
				TARGETED_DEVICE_FAMILY = "1,2";
				VALIDATE_PRODUCT = YES;
			};
			name = Release;
		};
		B737B79F1D14EF5E00162800 /* Debug */ = {
			isa = XCBuildConfiguration;
			buildSettings = {
				ASSETCATALOG_COMPILER_APPICON_NAME = AppIcon;
				CLANG_ENABLE_MODULES = YES;
				INFOPLIST_FILE = "bòlètlandy/Info.plist";
				IPHONEOS_DEPLOYMENT_TARGET = 8.3;
				LD_RUNPATH_SEARCH_PATHS = "$(inherited) @executable_path/Frameworks";
				PRODUCT_BUNDLE_IDENTIFIER = "com.klpnfamily.bo-le-tlandy";
				PRODUCT_NAME = "$(TARGET_NAME)";
				SWIFT_OBJC_BRIDGING_HEADER = "bòlètlandy/bòlètlandy-Bridging-Header.h";
				SWIFT_OPTIMIZATION_LEVEL = "-Onone";
			};
			name = Debug;
		};
		B737B7A01D14EF5E00162800 /* Release */ = {
			isa = XCBuildConfiguration;
			buildSettings = {
				ASSETCATALOG_COMPILER_APPICON_NAME = AppIcon;
				CLANG_ENABLE_MODULES = YES;
				INFOPLIST_FILE = "bòlètlandy/Info.plist";
				IPHONEOS_DEPLOYMENT_TARGET = 8.3;
				LD_RUNPATH_SEARCH_PATHS = "$(inherited) @executable_path/Frameworks";
				PRODUCT_BUNDLE_IDENTIFIER = "com.klpnfamily.bo-le-tlandy";
				PRODUCT_NAME = "$(TARGET_NAME)";
				SWIFT_OBJC_BRIDGING_HEADER = "bòlètlandy/bòlètlandy-Bridging-Header.h";
			};
			name = Release;
		};
		B737B7A21D14EF5E00162800 /* Debug */ = {
			isa = XCBuildConfiguration;
			buildSettings = {
				BUNDLE_LOADER = "$(TEST_HOST)";
				INFOPLIST_FILE = "bòlètlandyTests/Info.plist";
				LD_RUNPATH_SEARCH_PATHS = "$(inherited) @executable_path/Frameworks @loader_path/Frameworks";
				PRODUCT_BUNDLE_IDENTIFIER = "com.klpnfamily.bo-le-tlandyTests";
				PRODUCT_NAME = "$(TARGET_NAME)";
				TEST_HOST = "$(BUILT_PRODUCTS_DIR)/bòlètlandy.app/bòlètlandy";
			};
			name = Debug;
		};
		B737B7A31D14EF5E00162800 /* Release */ = {
			isa = XCBuildConfiguration;
			buildSettings = {
				BUNDLE_LOADER = "$(TEST_HOST)";
				INFOPLIST_FILE = "bòlètlandyTests/Info.plist";
				LD_RUNPATH_SEARCH_PATHS = "$(inherited) @executable_path/Frameworks @loader_path/Frameworks";
				PRODUCT_BUNDLE_IDENTIFIER = "com.klpnfamily.bo-le-tlandyTests";
				PRODUCT_NAME = "$(TARGET_NAME)";
				TEST_HOST = "$(BUILT_PRODUCTS_DIR)/bòlètlandy.app/bòlètlandy";
			};
			name = Release;
		};
		B737B7A51D14EF5E00162800 /* Debug */ = {
			isa = XCBuildConfiguration;
			buildSettings = {
				INFOPLIST_FILE = "bòlètlandyUITests/Info.plist";
				LD_RUNPATH_SEARCH_PATHS = "$(inherited) @executable_path/Frameworks @loader_path/Frameworks";
				PRODUCT_BUNDLE_IDENTIFIER = "com.klpnfamily.bo-le-tlandyUITests";
				PRODUCT_NAME = "$(TARGET_NAME)";
				TEST_TARGET_NAME = "bòlètlandy";
			};
			name = Debug;
		};
		B737B7A61D14EF5E00162800 /* Release */ = {
			isa = XCBuildConfiguration;
			buildSettings = {
				INFOPLIST_FILE = "bòlètlandyUITests/Info.plist";
				LD_RUNPATH_SEARCH_PATHS = "$(inherited) @executable_path/Frameworks @loader_path/Frameworks";
				PRODUCT_BUNDLE_IDENTIFIER = "com.klpnfamily.bo-le-tlandyUITests";
				PRODUCT_NAME = "$(TARGET_NAME)";
				TEST_TARGET_NAME = "bòlètlandy";
			};
			name = Release;
		};
/* End XCBuildConfiguration section */

/* Begin XCConfigurationList section */
		B737B76E1D14EF5E00162800 /* Build configuration list for PBXProject "bòlètlandy" */ = {
			isa = XCConfigurationList;
			buildConfigurations = (
				B737B79C1D14EF5E00162800 /* Debug */,
				B737B79D1D14EF5E00162800 /* Release */,
			);
			defaultConfigurationIsVisible = 0;
			defaultConfigurationName = Release;
		};
		B737B79E1D14EF5E00162800 /* Build configuration list for PBXNativeTarget "bòlètlandy" */ = {
			isa = XCConfigurationList;
			buildConfigurations = (
				B737B79F1D14EF5E00162800 /* Debug */,
				B737B7A01D14EF5E00162800 /* Release */,
			);
			defaultConfigurationIsVisible = 0;
			defaultConfigurationName = Release;
		};
		B737B7A11D14EF5E00162800 /* Build configuration list for PBXNativeTarget "bòlètlandyTests" */ = {
			isa = XCConfigurationList;
			buildConfigurations = (
				B737B7A21D14EF5E00162800 /* Debug */,
				B737B7A31D14EF5E00162800 /* Release */,
			);
			defaultConfigurationIsVisible = 0;
			defaultConfigurationName = Release;
		};
		B737B7A41D14EF5E00162800 /* Build configuration list for PBXNativeTarget "bòlètlandyUITests" */ = {
			isa = XCConfigurationList;
			buildConfigurations = (
				B737B7A51D14EF5E00162800 /* Debug */,
				B737B7A61D14EF5E00162800 /* Release */,
			);
			defaultConfigurationIsVisible = 0;
			defaultConfigurationName = Release;
		};
/* End XCConfigurationList section */

/* Begin XCVersionGroup section */
		B70C65E11D178BBF00D726DD /* Model.xcdatamodeld */ = {
			isa = XCVersionGroup;
			children = (
				B70C65E21D178BBF00D726DD /* Model.xcdatamodel */,
			);
			currentVersion = B70C65E21D178BBF00D726DD /* Model.xcdatamodel */;
			path = Model.xcdatamodeld;
			sourceTree = "<group>";
			versionGroupType = wrapper.xcdatamodel;
		};
/* End XCVersionGroup section */
	};
	rootObject = B737B76B1D14EF5E00162800 /* Project object */;
}
